
Microsoft Visual Studio Solution File, Format Version 12.00
# Visual Studio Version 17
VisualStudioVersion = 17.8.34330.188
MinimumVisualStudioVersion = 10.0.40219.1
Project("{FAE04EC0-301F-11D3-BF4B-00C04F79EFBC}") = "JWTTokenAuthenicationProj", "JWTTokenAuthenicationProj\JWTTokenAuthenicationProj.csproj", "{59818AB5-C14F-4013-95D6-6064373FA769}"
EndProject
Global
	GlobalSection(SolutionConfigurationPlatforms) = preSolution
		Debug|Any CPU = Debug|Any CPU
		Release|Any CPU = Release|Any CPU
	EndGlobalSection
	GlobalSection(ProjectConfigurationPlatforms) = postSolution
		{59818AB5-C14F-4013-95D6-6064373FA769}.Debug|Any CPU.ActiveCfg = Debug|Any CPU
		{59818AB5-C14F-4013-95D6-6064373FA769}.Debug|Any CPU.Build.0 = Debug|Any CPU
		{59818AB5-C14F-4013-95D6-6064373FA769}.Release|Any CPU.ActiveCfg = Release|Any CPU
		{59818AB5-C14F-4013-95D6-6064373FA769}.Release|Any CPU.Build.0 = Release|Any CPU
	EndGlobalSection
	GlobalSection(SolutionProperties) = preSolution
		HideSolutionNode = FALSE
	EndGlobalSection
	GlobalSection(ExtensibilityGlobals) = postSolution
		SolutionGuid = {AE885B23-34B3-41FC-9C4E-ECE60E13D655}
	EndGlobalSection
EndGlobal
